
Microsoft Visual Studio Solution File, Format Version 12.00
# Visual Studio 15
VisualStudioVersion = 15.0.26124.0
MinimumVisualStudioVersion = 15.0.26124.0
Project("{2150E333-8FDC-42A3-9474-1A3956D46DE8}") = "src", "src", "{387DEEC1-541B-462C-84CE-D6ED3F3E2C74}"
EndProject
Project("{FAE04EC0-301F-11D3-BF4B-00C04F79EFBC}") = "CommandAPI", "src\CommandAPI\CommandAPI.csproj", "{041051B3-689D-4B57-BCBF-6CA61FCC95A0}"
EndProject
Project("{2150E333-8FDC-42A3-9474-1A3956D46DE8}") = "test", "test", "{5DA54036-CABB-4FFB-A7FD-EBB415442C64}"
EndProject
Project("{FAE04EC0-301F-11D3-BF4B-00C04F79EFBC}") = "CommandAPI.Tests", "test\CommandAPI.Tests\CommandAPI.Tests.csproj", "{ECE0DC5D-B13A-4812-A1A8-F03C25DCAA3A}"
EndProject
Global
	GlobalSection(SolutionConfigurationPlatforms) = preSolution
		Debug|Any CPU = Debug|Any CPU
		Debug|x64 = Debug|x64
		Debug|x86 = Debug|x86
		Release|Any CPU = Release|Any CPU
		Release|x64 = Release|x64
		Release|x86 = Release|x86
	EndGlobalSection
	GlobalSection(SolutionProperties) = preSolution
		HideSolutionNode = FALSE
	EndGlobalSection
	GlobalSection(ProjectConfigurationPlatforms) = postSolution
		{041051B3-689D-4B57-BCBF-6CA61FCC95A0}.Debug|Any CPU.ActiveCfg = Debug|Any CPU
		{041051B3-689D-4B57-BCBF-6CA61FCC95A0}.Debug|Any CPU.Build.0 = Debug|Any CPU
		{041051B3-689D-4B57-BCBF-6CA61FCC95A0}.Debug|x64.ActiveCfg = Debug|Any CPU
		{041051B3-689D-4B57-BCBF-6CA61FCC95A0}.Debug|x64.Build.0 = Debug|Any CPU
		{041051B3-689D-4B57-BCBF-6CA61FCC95A0}.Debug|x86.ActiveCfg = Debug|Any CPU
		{041051B3-689D-4B57-BCBF-6CA61FCC95A0}.Debug|x86.Build.0 = Debug|Any CPU
		{041051B3-689D-4B57-BCBF-6CA61FCC95A0}.Release|Any CPU.ActiveCfg = Release|Any CPU
		{041051B3-689D-4B57-BCBF-6CA61FCC95A0}.Release|Any CPU.Build.0 = Release|Any CPU
		{041051B3-689D-4B57-BCBF-6CA61FCC95A0}.Release|x64.ActiveCfg = Release|Any CPU
		{041051B3-689D-4B57-BCBF-6CA61FCC95A0}.Release|x64.Build.0 = Release|Any CPU
		{041051B3-689D-4B57-BCBF-6CA61FCC95A0}.Release|x86.ActiveCfg = Release|Any CPU
		{041051B3-689D-4B57-BCBF-6CA61FCC95A0}.Release|x86.Build.0 = Release|Any CPU
		{ECE0DC5D-B13A-4812-A1A8-F03C25DCAA3A}.Debug|Any CPU.ActiveCfg = Debug|Any CPU
		{ECE0DC5D-B13A-4812-A1A8-F03C25DCAA3A}.Debug|Any CPU.Build.0 = Debug|Any CPU
		{ECE0DC5D-B13A-4812-A1A8-F03C25DCAA3A}.Debug|x64.ActiveCfg = Debug|Any CPU
		{ECE0DC5D-B13A-4812-A1A8-F03C25DCAA3A}.Debug|x64.Build.0 = Debug|Any CPU
		{ECE0DC5D-B13A-4812-A1A8-F03C25DCAA3A}.Debug|x86.ActiveCfg = Debug|Any CPU
		{ECE0DC5D-B13A-4812-A1A8-F03C25DCAA3A}.Debug|x86.Build.0 = Debug|Any CPU
		{ECE0DC5D-B13A-4812-A1A8-F03C25DCAA3A}.Release|Any CPU.ActiveCfg = Release|Any CPU
		{ECE0DC5D-B13A-4812-A1A8-F03C25DCAA3A}.Release|Any CPU.Build.0 = Release|Any CPU
		{ECE0DC5D-B13A-4812-A1A8-F03C25DCAA3A}.Release|x64.ActiveCfg = Release|Any CPU
		{ECE0DC5D-B13A-4812-A1A8-F03C25DCAA3A}.Release|x64.Build.0 = Release|Any CPU
		{ECE0DC5D-B13A-4812-A1A8-F03C25DCAA3A}.Release|x86.ActiveCfg = Release|Any CPU
		{ECE0DC5D-B13A-4812-A1A8-F03C25DCAA3A}.Release|x86.Build.0 = Release|Any CPU
	EndGlobalSection
	GlobalSection(NestedProjects) = preSolution
		{041051B3-689D-4B57-BCBF-6CA61FCC95A0} = {387DEEC1-541B-462C-84CE-D6ED3F3E2C74}
		{ECE0DC5D-B13A-4812-A1A8-F03C25DCAA3A} = {5DA54036-CABB-4FFB-A7FD-EBB415442C64}
	EndGlobalSection
EndGlobal
